
Microsoft Visual Studio Solution File, Format Version 11.00
# Visual Studio 2010
Project("{E24C65DC-7377-472B-9ABA-BC803B73C61A}") = "ControlPedido", "ControlPedido\", "{9430F6F9-C455-42DC-BD83-85F4D70BC48B}"
	ProjectSection(WebsiteProperties) = preProject
		TargetFrameworkMoniker = ".NETFramework,Version%3Dv4.0"
		ProjectReferences = "{9404E3E5-1884-47E7-83AF-BCD6ED119CCE}|MC.ControlPedido.Logica.dll;{032E3327-9DA0-4810-A751-C5D76AFF70D7}|MC.ControlPedido.Datos.dll;{6264EB06-6887-4097-986B-D83B4D2515D8}|MC.ControlPedido.Model.dll;{9C79AC88-7F24-470D-B403-0E0396488EF6}|MC.Comun.dll;"
		Debug.AspNetCompiler.VirtualPath = "/ControlPedido"
		Debug.AspNetCompiler.PhysicalPath = "ControlPedido\"
		Debug.AspNetCompiler.TargetPath = "PrecompiledWeb\ControlPedido\"
		Debug.AspNetCompiler.Updateable = "true"
		Debug.AspNetCompiler.ForceOverwrite = "true"
		Debug.AspNetCompiler.FixedNames = "false"
		Debug.AspNetCompiler.Debug = "True"
		Release.AspNetCompiler.VirtualPath = "/ControlPedido"
		Release.AspNetCompiler.PhysicalPath = "ControlPedido\"
		Release.AspNetCompiler.TargetPath = "PrecompiledWeb\ControlPedido\"
		Release.AspNetCompiler.Updateable = "true"
		Release.AspNetCompiler.ForceOverwrite = "true"
		Release.AspNetCompiler.FixedNames = "false"
		Release.AspNetCompiler.Debug = "False"
		VWDPort = "10599"
	EndProjectSection
EndProject
Project("{FAE04EC0-301F-11D3-BF4B-00C04F79EFBC}") = "MC.ControlPedido.Datos", "MC.ControlPedido.Datos\MC.ControlPedido.Datos.csproj", "{032E3327-9DA0-4810-A751-C5D76AFF70D7}"
EndProject
Project("{FAE04EC0-301F-11D3-BF4B-00C04F79EFBC}") = "MC.ControlPedido.Logica", "MC.ControlPedido.Logica\MC.ControlPedido.Logica.csproj", "{9404E3E5-1884-47E7-83AF-BCD6ED119CCE}"
EndProject
Project("{FAE04EC0-301F-11D3-BF4B-00C04F79EFBC}") = "MC.ControlPedido.Model", "MC.ControlPedido.Model\MC.ControlPedido.Model.csproj", "{6264EB06-6887-4097-986B-D83B4D2515D8}"
EndProject
Project("{FAE04EC0-301F-11D3-BF4B-00C04F79EFBC}") = "MC.ControlPedido.Reportes", "MC.ControlPedido.Reportes\MC.ControlPedido.Reportes.csproj", "{14CEA9DD-2930-4047-9EC4-3FB86C330718}"
EndProject
Project("{F184B08F-C81C-45F6-A57F-5ABD9991F28F}") = "MC.Comun", "MC.Comun\MC.Comun.vbproj", "{9C79AC88-7F24-470D-B403-0E0396488EF6}"
EndProject
Global
	GlobalSection(SolutionConfigurationPlatforms) = preSolution
		Debug|Any CPU = Debug|Any CPU
		Debug|Mixed Platforms = Debug|Mixed Platforms
		Debug|x86 = Debug|x86
		Release|Any CPU = Release|Any CPU
		Release|Mixed Platforms = Release|Mixed Platforms
		Release|x86 = Release|x86
	EndGlobalSection
	GlobalSection(ProjectConfigurationPlatforms) = postSolution
		{9430F6F9-C455-42DC-BD83-85F4D70BC48B}.Debug|Any CPU.ActiveCfg = Debug|Any CPU
		{9430F6F9-C455-42DC-BD83-85F4D70BC48B}.Debug|Any CPU.Build.0 = Debug|Any CPU
		{9430F6F9-C455-42DC-BD83-85F4D70BC48B}.Debug|Mixed Platforms.ActiveCfg = Debug|Any CPU
		{9430F6F9-C455-42DC-BD83-85F4D70BC48B}.Debug|Mixed Platforms.Build.0 = Debug|Any CPU
		{9430F6F9-C455-42DC-BD83-85F4D70BC48B}.Debug|x86.ActiveCfg = Debug|Any CPU
		{9430F6F9-C455-42DC-BD83-85F4D70BC48B}.Release|Any CPU.ActiveCfg = Debug|Any CPU
		{9430F6F9-C455-42DC-BD83-85F4D70BC48B}.Release|Any CPU.Build.0 = Debug|Any CPU
		{9430F6F9-C455-42DC-BD83-85F4D70BC48B}.Release|Mixed Platforms.ActiveCfg = Debug|Any CPU
		{9430F6F9-C455-42DC-BD83-85F4D70BC48B}.Release|Mixed Platforms.Build.0 = Debug|Any CPU
		{9430F6F9-C455-42DC-BD83-85F4D70BC48B}.Release|x86.ActiveCfg = Debug|Any CPU
		{032E3327-9DA0-4810-A751-C5D76AFF70D7}.Debug|Any CPU.ActiveCfg = Debug|Any CPU
		{032E3327-9DA0-4810-A751-C5D76AFF70D7}.Debug|Any CPU.Build.0 = Debug|Any CPU
		{032E3327-9DA0-4810-A751-C5D76AFF70D7}.Debug|Mixed Platforms.ActiveCfg = Debug|Any CPU
		{032E3327-9DA0-4810-A751-C5D76AFF70D7}.Debug|Mixed Platforms.Build.0 = Debug|Any CPU
		{032E3327-9DA0-4810-A751-C5D76AFF70D7}.Debug|x86.ActiveCfg = Debug|Any CPU
		{032E3327-9DA0-4810-A751-C5D76AFF70D7}.Release|Any CPU.ActiveCfg = Release|Any CPU
		{032E3327-9DA0-4810-A751-C5D76AFF70D7}.Release|Any CPU.Build.0 = Release|Any CPU
		{032E3327-9DA0-4810-A751-C5D76AFF70D7}.Release|Mixed Platforms.ActiveCfg = Release|Any CPU
		{032E3327-9DA0-4810-A751-C5D76AFF70D7}.Release|Mixed Platforms.Build.0 = Release|Any CPU
		{032E3327-9DA0-4810-A751-C5D76AFF70D7}.Release|x86.ActiveCfg = Release|Any CPU
		{9404E3E5-1884-47E7-83AF-BCD6ED119CCE}.Debug|Any CPU.ActiveCfg = Debug|Any CPU
		{9404E3E5-1884-47E7-83AF-BCD6ED119CCE}.Debug|Any CPU.Build.0 = Debug|Any CPU
		{9404E3E5-1884-47E7-83AF-BCD6ED119CCE}.Debug|Mixed Platforms.ActiveCfg = Debug|Any CPU
		{9404E3E5-1884-47E7-83AF-BCD6ED119CCE}.Debug|Mixed Platforms.Build.0 = Debug|Any CPU
		{9404E3E5-1884-47E7-83AF-BCD6ED119CCE}.Debug|x86.ActiveCfg = Debug|Any CPU
		{9404E3E5-1884-47E7-83AF-BCD6ED119CCE}.Release|Any CPU.ActiveCfg = Release|Any CPU
		{9404E3E5-1884-47E7-83AF-BCD6ED119CCE}.Release|Any CPU.Build.0 = Release|Any CPU
		{9404E3E5-1884-47E7-83AF-BCD6ED119CCE}.Release|Mixed Platforms.ActiveCfg = Release|Any CPU
		{9404E3E5-1884-47E7-83AF-BCD6ED119CCE}.Release|Mixed Platforms.Build.0 = Release|Any CPU
		{9404E3E5-1884-47E7-83AF-BCD6ED119CCE}.Release|x86.ActiveCfg = Release|Any CPU
		{6264EB06-6887-4097-986B-D83B4D2515D8}.Debug|Any CPU.ActiveCfg = Debug|Any CPU
		{6264EB06-6887-4097-986B-D83B4D2515D8}.Debug|Any CPU.Build.0 = Debug|Any CPU
		{6264EB06-6887-4097-986B-D83B4D2515D8}.Debug|Mixed Platforms.ActiveCfg = Debug|Any CPU
		{6264EB06-6887-4097-986B-D83B4D2515D8}.Debug|Mixed Platforms.Build.0 = Debug|Any CPU
		{6264EB06-6887-4097-986B-D83B4D2515D8}.Debug|x86.ActiveCfg = Debug|Any CPU
		{6264EB06-6887-4097-986B-D83B4D2515D8}.Release|Any CPU.ActiveCfg = Release|Any CPU
		{6264EB06-6887-4097-986B-D83B4D2515D8}.Release|Any CPU.Build.0 = Release|Any CPU
		{6264EB06-6887-4097-986B-D83B4D2515D8}.Release|Mixed Platforms.ActiveCfg = Release|Any CPU
		{6264EB06-6887-4097-986B-D83B4D2515D8}.Release|Mixed Platforms.Build.0 = Release|Any CPU
		{6264EB06-6887-4097-986B-D83B4D2515D8}.Release|x86.ActiveCfg = Release|Any CPU
		{14CEA9DD-2930-4047-9EC4-3FB86C330718}.Debug|Any CPU.ActiveCfg = Debug|x86
		{14CEA9DD-2930-4047-9EC4-3FB86C330718}.Debug|Mixed Platforms.ActiveCfg = Debug|x86
		{14CEA9DD-2930-4047-9EC4-3FB86C330718}.Debug|Mixed Platforms.Build.0 = Debug|x86
		{14CEA9DD-2930-4047-9EC4-3FB86C330718}.Debug|x86.ActiveCfg = Debug|x86
		{14CEA9DD-2930-4047-9EC4-3FB86C330718}.Debug|x86.Build.0 = Debug|x86
		{14CEA9DD-2930-4047-9EC4-3FB86C330718}.Release|Any CPU.ActiveCfg = Release|x86
		{14CEA9DD-2930-4047-9EC4-3FB86C330718}.Release|Mixed Platforms.ActiveCfg = Release|x86
		{14CEA9DD-2930-4047-9EC4-3FB86C330718}.Release|Mixed Platforms.Build.0 = Release|x86
		{14CEA9DD-2930-4047-9EC4-3FB86C330718}.Release|x86.ActiveCfg = Release|x86
		{14CEA9DD-2930-4047-9EC4-3FB86C330718}.Release|x86.Build.0 = Release|x86
		{9C79AC88-7F24-470D-B403-0E0396488EF6}.Debug|Any CPU.ActiveCfg = Debug|Any CPU
		{9C79AC88-7F24-470D-B403-0E0396488EF6}.Debug|Any CPU.Build.0 = Debug|Any CPU
		{9C79AC88-7F24-470D-B403-0E0396488EF6}.Debug|Mixed Platforms.ActiveCfg = Debug|Any CPU
		{9C79AC88-7F24-470D-B403-0E0396488EF6}.Debug|Mixed Platforms.Build.0 = Debug|Any CPU
		{9C79AC88-7F24-470D-B403-0E0396488EF6}.Debug|x86.ActiveCfg = Debug|Any CPU
		{9C79AC88-7F24-470D-B403-0E0396488EF6}.Release|Any CPU.ActiveCfg = Release|Any CPU
		{9C79AC88-7F24-470D-B403-0E0396488EF6}.Release|Any CPU.Build.0 = Release|Any CPU
		{9C79AC88-7F24-470D-B403-0E0396488EF6}.Release|Mixed Platforms.ActiveCfg = Release|Any CPU
		{9C79AC88-7F24-470D-B403-0E0396488EF6}.Release|Mixed Platforms.Build.0 = Release|Any CPU
		{9C79AC88-7F24-470D-B403-0E0396488EF6}.Release|x86.ActiveCfg = Release|Any CPU
	EndGlobalSection
	GlobalSection(SolutionProperties) = preSolution
		HideSolutionNode = FALSE
	EndGlobalSection
EndGlobal
